
Microsoft Visual Studio Solution File, Format Version 12.00
# Visual Studio Version 16
VisualStudioVersion = 16.0.29609.76
MinimumVisualStudioVersion = 10.0.40219.1
Project("{9A19103F-16F7-4668-BE54-9A1E7A4F7556}") = "DataLayer", "DataLayer\DataLayer.csproj", "{2DB63CC4-693B-48F8-BE65-1A026BC8D0C1}"
EndProject
Project("{9A19103F-16F7-4668-BE54-9A1E7A4F7556}") = "DomainLayer", "DomainLayer\DomainLayer.csproj", "{EEEED1A1-20A1-40F8-B0E8-EF252C4A8A2C}"
EndProject
Project("{9A19103F-16F7-4668-BE54-9A1E7A4F7556}") = "DTO", "DTO\DTO.csproj", "{95C019A7-CAD6-4386-9808-8C0A4417E458}"
EndProject
Project("{9A19103F-16F7-4668-BE54-9A1E7A4F7556}") = "BusinessL", "BusinessL\BusinessL.csproj", "{C9A2D4F0-5953-485B-83BB-6A87B68AAFD4}"
EndProject
Project("{FAE04EC0-301F-11D3-BF4B-00C04F79EFBC}") = "WebDDMapp", "WebDDMapp\WebDDMapp.csproj", "{1C9D5D19-423D-4648-9CDF-EE441048EFF6}"
EndProject
Project("{FAE04EC0-301F-11D3-BF4B-00C04F79EFBC}") = "DesktopLDDM", "DesktopLDDM\DesktopLDDM.csproj", "{C6A99B49-CBAC-431E-AAFF-33E3BB4EDD03}"
EndProject
Global
	GlobalSection(SolutionConfigurationPlatforms) = preSolution
		Debug|Any CPU = Debug|Any CPU
		Release|Any CPU = Release|Any CPU
	EndGlobalSection
	GlobalSection(ProjectConfigurationPlatforms) = postSolution
		{2DB63CC4-693B-48F8-BE65-1A026BC8D0C1}.Debug|Any CPU.ActiveCfg = Debug|Any CPU
		{2DB63CC4-693B-48F8-BE65-1A026BC8D0C1}.Debug|Any CPU.Build.0 = Debug|Any CPU
		{2DB63CC4-693B-48F8-BE65-1A026BC8D0C1}.Release|Any CPU.ActiveCfg = Release|Any CPU
		{2DB63CC4-693B-48F8-BE65-1A026BC8D0C1}.Release|Any CPU.Build.0 = Release|Any CPU
		{EEEED1A1-20A1-40F8-B0E8-EF252C4A8A2C}.Debug|Any CPU.ActiveCfg = Debug|Any CPU
		{EEEED1A1-20A1-40F8-B0E8-EF252C4A8A2C}.Debug|Any CPU.Build.0 = Debug|Any CPU
		{EEEED1A1-20A1-40F8-B0E8-EF252C4A8A2C}.Release|Any CPU.ActiveCfg = Release|Any CPU
		{EEEED1A1-20A1-40F8-B0E8-EF252C4A8A2C}.Release|Any CPU.Build.0 = Release|Any CPU
		{95C019A7-CAD6-4386-9808-8C0A4417E458}.Debug|Any CPU.ActiveCfg = Debug|Any CPU
		{95C019A7-CAD6-4386-9808-8C0A4417E458}.Debug|Any CPU.Build.0 = Debug|Any CPU
		{95C019A7-CAD6-4386-9808-8C0A4417E458}.Release|Any CPU.ActiveCfg = Release|Any CPU
		{95C019A7-CAD6-4386-9808-8C0A4417E458}.Release|Any CPU.Build.0 = Release|Any CPU
		{C9A2D4F0-5953-485B-83BB-6A87B68AAFD4}.Debug|Any CPU.ActiveCfg = Debug|Any CPU
		{C9A2D4F0-5953-485B-83BB-6A87B68AAFD4}.Debug|Any CPU.Build.0 = Debug|Any CPU
		{C9A2D4F0-5953-485B-83BB-6A87B68AAFD4}.Release|Any CPU.ActiveCfg = Release|Any CPU
		{C9A2D4F0-5953-485B-83BB-6A87B68AAFD4}.Release|Any CPU.Build.0 = Release|Any CPU
		{1C9D5D19-423D-4648-9CDF-EE441048EFF6}.Debug|Any CPU.ActiveCfg = Debug|Any CPU
		{1C9D5D19-423D-4648-9CDF-EE441048EFF6}.Debug|Any CPU.Build.0 = Debug|Any CPU
		{1C9D5D19-423D-4648-9CDF-EE441048EFF6}.Release|Any CPU.ActiveCfg = Release|Any CPU
		{1C9D5D19-423D-4648-9CDF-EE441048EFF6}.Release|Any CPU.Build.0 = Release|Any CPU
		{C6A99B49-CBAC-431E-AAFF-33E3BB4EDD03}.Debug|Any CPU.ActiveCfg = Debug|Any CPU
		{C6A99B49-CBAC-431E-AAFF-33E3BB4EDD03}.Debug|Any CPU.Build.0 = Debug|Any CPU
		{C6A99B49-CBAC-431E-AAFF-33E3BB4EDD03}.Release|Any CPU.ActiveCfg = Release|Any CPU
		{C6A99B49-CBAC-431E-AAFF-33E3BB4EDD03}.Release|Any CPU.Build.0 = Release|Any CPU
	EndGlobalSection
	GlobalSection(SolutionProperties) = preSolution
		HideSolutionNode = FALSE
	EndGlobalSection
	GlobalSection(ExtensibilityGlobals) = postSolution
		SolutionGuid = {455F3B2F-621A-47FE-85FB-9E1BE8D0C175}
	EndGlobalSection
EndGlobal
